
Microsoft Visual Studio Solution File, Format Version 9.00
# Visual Studio 2005
Project("{E24C65DC-7377-472B-9ABA-BC803B73C61A}") = "C:\...\WBWebSite\", ".", "{0FA0760D-6860-49C9-A6D8-E65D21542DCF}"
	ProjectSection(WebsiteProperties) = preProject
		Debug.AspNetCompiler.VirtualPath = "/WBWebSite"
		Debug.AspNetCompiler.PhysicalPath = "..\WBWebSite\"
		Debug.AspNetCompiler.TargetPath = "PrecompiledWeb\WBWebSite\"
		Debug.AspNetCompiler.Updateable = "true"
		Debug.AspNetCompiler.ForceOverwrite = "true"
		Debug.AspNetCompiler.FixedNames = "false"
		Debug.AspNetCompiler.Debug = "True"
		Release.AspNetCompiler.VirtualPath = "/WBWebSite"
		Release.AspNetCompiler.PhysicalPath = "..\WBWebSite\"
		Release.AspNetCompiler.TargetPath = "PrecompiledWeb\WBWebSite\"
		Release.AspNetCompiler.Updateable = "true"
		Release.AspNetCompiler.ForceOverwrite = "true"
		Release.AspNetCompiler.FixedNames = "false"
		Release.AspNetCompiler.Debug = "False"
		VWDPort = "2746"
	EndProjectSection
EndProject
Global
	GlobalSection(SolutionConfigurationPlatforms) = preSolution
		Debug|.NET = Debug|.NET
	EndGlobalSection
	GlobalSection(ProjectConfigurationPlatforms) = postSolution
		{0FA0760D-6860-49C9-A6D8-E65D21542DCF}.Debug|.NET.ActiveCfg = Debug|.NET
		{0FA0760D-6860-49C9-A6D8-E65D21542DCF}.Debug|.NET.Build.0 = Debug|.NET
	EndGlobalSection
	GlobalSection(SolutionProperties) = preSolution
		HideSolutionNode = FALSE
	EndGlobalSection
EndGlobal
